<?xml version="1.0" encoding="utf-8"?>
<Project ToolsVersion="4.0" xmlns="http://schemas.microsoft.com/developer/msbuild/2003">
  <ItemGroup>
    <Filter Include="Source Files">
      <UniqueIdentifier>{4FC737F1-C7A5-4376-A066-2A32D752A2FF}</UniqueIdentifier>
      <Extensions>cpp;c;cc;cxx;c++;cppm;ixx;def;odl;idl;hpj;bat;asm;asmx</Extensions>
    </Filter>
    <Filter Include="Header Files">
      <UniqueIdentifier>{93995380-89BD-4b04-88EB-625FBE52EBFB}</UniqueIdentifier>
      <Extensions>h;hh;hpp;hxx;h++;hm;inl;inc;ipp;xsd</Extensions>
    </Filter>
    <Filter Include="Resource Files">
      <UniqueIdentifier>{67DA6AB6-F800-4c08-8B7A-83BB121AAD01}</UniqueIdentifier>
      <Extensions>rc;ico;cur;bmp;dlg;rc2;rct;bin;rgs;gif;jpg;jpeg;jpe;resx;tiff;tif;png;wav;mfcribbon-ms</Extensions>
    </Filter>
    <Filter Include="Memory">
      <UniqueIdentifier>{86827f58-8d7a-41e3-85e5-0e3303b75e7c}</UniqueIdentifier>
    </Filter>
    <Filter Include="Hooks">
      <UniqueIdentifier>{ca17c319-97c5-48b3-b494-6933ba0431e4}</UniqueIdentifier>
    </Filter>
  </ItemGroup>
  <ItemGroup>
    <ClInclude Include="pch.h">
      <Filter>Header Files</Filter>
    </ClInclude>
    <ClInclude Include="pointers.h">
      <Filter>Header Files</Filter>
    </ClInclude>
    <ClInclude Include="logger.h">
      <Filter>Header Files</Filter>
    </ClInclude>
    <ClInclude Include="hooking.h">
      <Filter>Header Files</Filter>
    </ClInclude>
    <ClInclude Include="gui.h">
      <Filter>Header Files</Filter>
    </ClInclude>
    <ClInclude Include="renderer.h">
      <Filter>Header Files</Filter>
    </ClInclude>
    <ClInclude Include="Memory\fwddec.h">
      <Filter>Memory</Filter>
    </ClInclude>
    <ClInclude Include="Memory\handle.h">
      <Filter>Memory</Filter>
    </ClInclude>
    <ClInclude Include="Memory\module.h">
      <Filter>Memory</Filter>
    </ClInclude>
    <ClInclude Include="Memory\pattern.h">
      <Filter>Memory</Filter>
    </ClInclude>
    <ClInclude Include="Memory\pattern_batch.h">
      <Filter>Memory</Filter>
    </ClInclude>
    <ClInclude Include="Memory\range.h">
      <Filter>Memory</Filter>
    </ClInclude>
    <ClInclude Include="detour_hook.h">
      <Filter>Hooks</Filter>
    </ClInclude>
    <ClInclude Include="vmt_hook.h">
      <Filter>Hooks</Filter>
    </ClInclude>
  </ItemGroup>
  <ItemGroup>
    <ClCompile Include="dllmain.cpp">
      <Filter>Source Files</Filter>
    </ClCompile>
    <ClCompile Include="pch.cpp">
      <Filter>Source Files</Filter>
    </ClCompile>
    <ClCompile Include="pointers.cpp">
      <Filter>Source Files</Filter>
    </ClCompile>
    <ClCompile Include="hooking.cpp">
      <Filter>Source Files</Filter>
    </ClCompile>
    <ClCompile Include="gui.cpp">
      <Filter>Source Files</Filter>
    </ClCompile>
    <ClCompile Include="renderer.cpp">
      <Filter>Source Files</Filter>
    </ClCompile>
    <ClCompile Include="Memory\module.cpp">
      <Filter>Memory</Filter>
    </ClCompile>
    <ClCompile Include="Memory\pattern.cpp">
      <Filter>Memory</Filter>
    </ClCompile>
    <ClCompile Include="Memory\pattern_batch.cpp">
      <Filter>Memory</Filter>
    </ClCompile>
    <ClCompile Include="Memory\range.cpp">
      <Filter>Memory</Filter>
    </ClCompile>
    <ClCompile Include="detour_hook.cpp">
      <Filter>Hooks</Filter>
    </ClCompile>
    <ClCompile Include="vmt_hook.cpp">
      <Filter>Hooks</Filter>
    </ClCompile>
  </ItemGroup>
</Project>